
Microsoft Visual Studio Solution File, Format Version 12.00
# Visual Studio Version 17
VisualStudioVersion = 17.0.31903.59
MinimumVisualStudioVersion = 10.0.40219.1
Project("{FAE04EC0-301F-11D3-BF4B-00C04F79EFBC}") = "CQRS.Core", "..\CQRS-ES\CQRS.Core\CQRS.Core.csproj", "{20B61B92-64D8-4972-8472-146B62FBDE03}"
EndProject
Project("{2150E333-8FDC-42A3-9474-1A3956D46DE8}") = "Post.Cmd", "Post.Cmd", "{8F5E17A6-2B29-40D0-9507-803211893944}"
EndProject
Project("{FAE04EC0-301F-11D3-BF4B-00C04F79EFBC}") = "Post.Cmd.Api", "Post.Cmd\Post.Cmd.Api\Post.Cmd.Api.csproj", "{C0309CAF-E99F-4315-ACA0-675A3E3E2A33}"
EndProject
Project("{FAE04EC0-301F-11D3-BF4B-00C04F79EFBC}") = "Post.Cmd.Domain", "Post.Cmd\Post.Cmd.Domain\Post.Cmd.Domain.csproj", "{69052C11-2A48-4F03-AC8E-1FA334FEED8B}"
EndProject
Project("{FAE04EC0-301F-11D3-BF4B-00C04F79EFBC}") = "Post.Cmd.Infrastructure", "Post.Cmd\Post.Cmd.Infrastructure\Post.Cmd.Infrastructure.csproj", "{8CF7D85A-16DC-4042-8BC8-632650F82FB5}"
EndProject
Project("{2150E333-8FDC-42A3-9474-1A3956D46DE8}") = "Post.Query", "Post.Query", "{11EBB294-E854-44AB-8AA3-1D3F5B1B6DC0}"
EndProject
Project("{FAE04EC0-301F-11D3-BF4B-00C04F79EFBC}") = "Post.Query.Api", "Post.Query\Post.Query.Api\Post.Query.Api.csproj", "{A78FF3CD-4432-4D57-8626-BCC9A8239C1E}"
EndProject
Project("{FAE04EC0-301F-11D3-BF4B-00C04F79EFBC}") = "Post.Query.Domain", "Post.Query\Post.Query.Domain\Post.Query.Domain.csproj", "{14ADEBF9-A933-455E-B353-8EA7A853630F}"
EndProject
Project("{FAE04EC0-301F-11D3-BF4B-00C04F79EFBC}") = "Post.Query.Infrastructure", "Post.Query\Post.Query.Infrastructure\Post.Query.Infrastructure.csproj", "{4413F118-0B0B-4CD5-9F51-3794019F0FF1}"
EndProject
Global
	GlobalSection(SolutionConfigurationPlatforms) = preSolution
		Debug|Any CPU = Debug|Any CPU
		Release|Any CPU = Release|Any CPU
	EndGlobalSection
	GlobalSection(SolutionProperties) = preSolution
		HideSolutionNode = FALSE
	EndGlobalSection
	GlobalSection(ProjectConfigurationPlatforms) = postSolution
		{20B61B92-64D8-4972-8472-146B62FBDE03}.Debug|Any CPU.ActiveCfg = Debug|Any CPU
		{20B61B92-64D8-4972-8472-146B62FBDE03}.Debug|Any CPU.Build.0 = Debug|Any CPU
		{20B61B92-64D8-4972-8472-146B62FBDE03}.Release|Any CPU.ActiveCfg = Release|Any CPU
		{20B61B92-64D8-4972-8472-146B62FBDE03}.Release|Any CPU.Build.0 = Release|Any CPU
		{C0309CAF-E99F-4315-ACA0-675A3E3E2A33}.Debug|Any CPU.ActiveCfg = Debug|Any CPU
		{C0309CAF-E99F-4315-ACA0-675A3E3E2A33}.Debug|Any CPU.Build.0 = Debug|Any CPU
		{C0309CAF-E99F-4315-ACA0-675A3E3E2A33}.Release|Any CPU.ActiveCfg = Release|Any CPU
		{C0309CAF-E99F-4315-ACA0-675A3E3E2A33}.Release|Any CPU.Build.0 = Release|Any CPU
		{69052C11-2A48-4F03-AC8E-1FA334FEED8B}.Debug|Any CPU.ActiveCfg = Debug|Any CPU
		{69052C11-2A48-4F03-AC8E-1FA334FEED8B}.Debug|Any CPU.Build.0 = Debug|Any CPU
		{69052C11-2A48-4F03-AC8E-1FA334FEED8B}.Release|Any CPU.ActiveCfg = Release|Any CPU
		{69052C11-2A48-4F03-AC8E-1FA334FEED8B}.Release|Any CPU.Build.0 = Release|Any CPU
		{8CF7D85A-16DC-4042-8BC8-632650F82FB5}.Debug|Any CPU.ActiveCfg = Debug|Any CPU
		{8CF7D85A-16DC-4042-8BC8-632650F82FB5}.Debug|Any CPU.Build.0 = Debug|Any CPU
		{8CF7D85A-16DC-4042-8BC8-632650F82FB5}.Release|Any CPU.ActiveCfg = Release|Any CPU
		{8CF7D85A-16DC-4042-8BC8-632650F82FB5}.Release|Any CPU.Build.0 = Release|Any CPU
		{A78FF3CD-4432-4D57-8626-BCC9A8239C1E}.Debug|Any CPU.ActiveCfg = Debug|Any CPU
		{A78FF3CD-4432-4D57-8626-BCC9A8239C1E}.Debug|Any CPU.Build.0 = Debug|Any CPU
		{A78FF3CD-4432-4D57-8626-BCC9A8239C1E}.Release|Any CPU.ActiveCfg = Release|Any CPU
		{A78FF3CD-4432-4D57-8626-BCC9A8239C1E}.Release|Any CPU.Build.0 = Release|Any CPU
		{14ADEBF9-A933-455E-B353-8EA7A853630F}.Debug|Any CPU.ActiveCfg = Debug|Any CPU
		{14ADEBF9-A933-455E-B353-8EA7A853630F}.Debug|Any CPU.Build.0 = Debug|Any CPU
		{14ADEBF9-A933-455E-B353-8EA7A853630F}.Release|Any CPU.ActiveCfg = Release|Any CPU
		{14ADEBF9-A933-455E-B353-8EA7A853630F}.Release|Any CPU.Build.0 = Release|Any CPU
		{4413F118-0B0B-4CD5-9F51-3794019F0FF1}.Debug|Any CPU.ActiveCfg = Debug|Any CPU
		{4413F118-0B0B-4CD5-9F51-3794019F0FF1}.Debug|Any CPU.Build.0 = Debug|Any CPU
		{4413F118-0B0B-4CD5-9F51-3794019F0FF1}.Release|Any CPU.ActiveCfg = Release|Any CPU
		{4413F118-0B0B-4CD5-9F51-3794019F0FF1}.Release|Any CPU.Build.0 = Release|Any CPU
	EndGlobalSection
	GlobalSection(NestedProjects) = preSolution
		{C0309CAF-E99F-4315-ACA0-675A3E3E2A33} = {8F5E17A6-2B29-40D0-9507-803211893944}
		{69052C11-2A48-4F03-AC8E-1FA334FEED8B} = {8F5E17A6-2B29-40D0-9507-803211893944}
		{8CF7D85A-16DC-4042-8BC8-632650F82FB5} = {8F5E17A6-2B29-40D0-9507-803211893944}
		{A78FF3CD-4432-4D57-8626-BCC9A8239C1E} = {11EBB294-E854-44AB-8AA3-1D3F5B1B6DC0}
		{14ADEBF9-A933-455E-B353-8EA7A853630F} = {11EBB294-E854-44AB-8AA3-1D3F5B1B6DC0}
		{4413F118-0B0B-4CD5-9F51-3794019F0FF1} = {11EBB294-E854-44AB-8AA3-1D3F5B1B6DC0}
	EndGlobalSection
EndGlobal
